NeoBundleLock Conque-Shell c56aeee0894d2f155e21d2d19c1f200e9706e0af
NeoBundleLock ZoomWin cf21ce1f4bfec10fe7e446c08e9e647a2a234e03
NeoBundleLock ag.vim c478f7973074f15bbf82c298a1678b4e23f1767a
NeoBundleLock ctrlp-py-matcher 9e84cf8072866b92faf5082cb93a554b75e35fd0
NeoBundleLock ctrlp.vim b5d3fe66a58a13d2ff8b6391f4387608496a030f
NeoBundleLock delimitMate d24ad6b301685cd3b9278420248cc780fdc8fc59
NeoBundleLock gitv 1f12f8e8e2b9939451e8b7c74ce4f7f5bc80dd40
NeoBundleLock gruvbox 273c030ede00f3d6c54207346dabf7e35904cf57
NeoBundleLock gundo.vim 3975ac871565115e3769dc69c06bc88ddc1369af
NeoBundleLock indentLine efce4fa4a48c3060dcf2173e099a2bf52d727225
NeoBundleLock neobundle.vim 0469b51d99cb52bf8d6c416b3ed6159a2cdaed9c
NeoBundleLock neomru.vim e72bef33c7f6af3d17c9968f9ac7bb2fda2a2bde
NeoBundleLock papercolor-theme 0652ea0aad04e85edd2a2eb2cf88af8eed683a5b
NeoBundleLock rainbow_parentheses.vim eb8baa5428bde10ecc1cb14eed1d6e16f5f24695
NeoBundleLock summerfruit256.vim bc8c76de922bfa6941136e3a2454ae5c3b50bf07
NeoBundleLock syntastic 85cde9235c06e6d4ec631551fb0fc57fe676f05c
NeoBundleLock ultisnips ef72df8e782b1b0b82189dfea949547b330fb215
NeoBundleLock unite-outline f03cfe49dd92af8d416a04707cc30d1529bdf3ac
NeoBundleLock unite.vim 662f83d3789ecf320ddcb04f7023def3a8167802
NeoBundleLock vim-airline 67de5f2257f8d5def7a31e3009d4298ce977cb80
NeoBundleLock vim-bracketed-paste 36779ba3b1af4b81fcba7b83095afe794a07b71a
NeoBundleLock vim-bufsurf e996c94000dc44a66e5c5d27bd24364d23839ac9
NeoBundleLock vim-colors-solarized 528a59f26d12278698bb946f8fb82a63711eec21
NeoBundleLock vim-commentary 9c685131a5facfa0d643feca3a61b41c007d8170
NeoBundleLock vim-dispatch 69fea418692f76058d5cd95f0a17ed6b0f5bbb77
NeoBundleLock vim-easymotion 9f1c449edfce6d61c7f620e3a9c1389b7b7e334f
NeoBundleLock vim-fugitive 21b6dd7aeec3e4bc96d7b32cd594b7818c0c4082
NeoBundleLock vim-gitgutter bcb601acd2b0b6376cb6a1ca623414663f643306
NeoBundleLock vim-hemisu 37ea6aace110e1e70acb32a3ec6dc9b7ae9009bf
NeoBundleLock vim-jump 03bf7142558310984c9e95a4d0739d46257361fb
NeoBundleLock vim-multiple-cursors 73a78c926ad208bd1984e575ceece276d61a1404
NeoBundleLock vim-searchindex 8321eed6e6c105507a66438af9855e259ed5885f
NeoBundleLock vim-surround 2d05440ad23f97a7874ebd9b5de3a0e65d25d85c
NeoBundleLock vim-unimpaired 23f471ad0f00e2fab097f9d67ffd770881d4b35a
NeoBundleLock vimfiler 0a38f55f418a01e2133395210ada6051daa5e591
NeoBundleLock vimproc c286dcbdfca9e0ee1a4cb90f09c3f03638112f5a
